{
  "requires": true,
  "lockfileVersion": 1,
  "dependencies": {
    "oscilloscope": {
      "version": "1.3.0",
      "resolved": "https://registry.npmjs.org/oscilloscope/-/oscilloscope-1.3.0.tgz",
      "integrity": "sha512-bnpp7PWMsyJdbktPlgh3W5M1zErbNYEbBr9BG2WGwXXKB2k55qYJbjhkAlojd3orGz5I6BnQp+hUbr9VIfS6yA=="
    }
  }
}
